// !$*UTF8*$!
{
	archiveVersion = 1;
	classes = {
	};
	objectVersion = 46;
	objects = {

/* Begin PBXBuildFile section */
		5E04E6431A1304830072C1D5 /* AddChoreViewController.m in Sources */ = {isa = PBXBuildFile; fileRef = 5E04E6421A1304830072C1D5 /* AddChoreViewController.m */; };
		5E29566219DCFB88005CFEE1 /* ChoreViewController.m in Sources */ = {isa = PBXBuildFile; fileRef = 5E29566119DCFB88005CFEE1 /* ChoreViewController.m */; };
		5E29566719DCFC6E005CFEE1 /* ChoreTableViewCell.m in Sources */ = {isa = PBXBuildFile; fileRef = 5E29566519DCFC6E005CFEE1 /* ChoreTableViewCell.m */; };
		5E29566819DCFC6E005CFEE1 /* ChoreTableViewCell.xib in Resources */ = {isa = PBXBuildFile; fileRef = 5E29566619DCFC6E005CFEE1 /* ChoreTableViewCell.xib */; };
		5E2AA86419E8A19E0084D717 /* AddExpenseViewController.m in Sources */ = {isa = PBXBuildFile; fileRef = 5E2AA86319E8A19E0084D717 /* AddExpenseViewController.m */; };
		5E7528EC19B8DBBF00E37222 /* Foundation.framework in Frameworks */ = {isa = PBXBuildFile; fileRef = 5E7528EB19B8DBBF00E37222 /* Foundation.framework */; };
		5E7528EE19B8DBBF00E37222 /* CoreGraphics.framework in Frameworks */ = {isa = PBXBuildFile; fileRef = 5E7528ED19B8DBBF00E37222 /* CoreGraphics.framework */; };
		5E7528F019B8DBBF00E37222 /* UIKit.framework in Frameworks */ = {isa = PBXBuildFile; fileRef = 5E7528EF19B8DBBF00E37222 /* UIKit.framework */; };
		5E75290B19B8DBBF00E37222 /* XCTest.framework in Frameworks */ = {isa = PBXBuildFile; fileRef = 5E75290A19B8DBBF00E37222 /* XCTest.framework */; };
		5E75290C19B8DBBF00E37222 /* Foundation.framework in Frameworks */ = {isa = PBXBuildFile; fileRef = 5E7528EB19B8DBBF00E37222 /* Foundation.framework */; };
		5E75290D19B8DBBF00E37222 /* UIKit.framework in Frameworks */ = {isa = PBXBuildFile; fileRef = 5E7528EF19B8DBBF00E37222 /* UIKit.framework */; };
		5E75291519B8DBBF00E37222 /* InfoPlist.strings in Resources */ = {isa = PBXBuildFile; fileRef = 5E75291319B8DBBF00E37222 /* InfoPlist.strings */; };
		5E75291719B8DBBF00E37222 /* HousemateTests.m in Sources */ = {isa = PBXBuildFile; fileRef = 5E75291619B8DBBF00E37222 /* HousemateTests.m */; };
		5E877EDE1A1F0C440019CBA8 /* UIColor+HMColor.m in Sources */ = {isa = PBXBuildFile; fileRef = 5E877EDD1A1F0C440019CBA8 /* UIColor+HMColor.m */; };
		5E877EF01A2E5D300019CBA8 /* AccountViewController.m in Sources */ = {isa = PBXBuildFile; fileRef = 5E877EEF1A2E5D300019CBA8 /* AccountViewController.m */; };
		5E877EF31A30101D0019CBA8 /* ShoppingViewController.m in Sources */ = {isa = PBXBuildFile; fileRef = 5E877EF21A30101D0019CBA8 /* ShoppingViewController.m */; };
		5E877EF71A30114D0019CBA8 /* NecessityTableViewCell.m in Sources */ = {isa = PBXBuildFile; fileRef = 5E877EF51A30114D0019CBA8 /* NecessityTableViewCell.m */; };
		5E877EF81A30114D0019CBA8 /* NecessityTableViewCell.xib in Resources */ = {isa = PBXBuildFile; fileRef = 5E877EF61A30114D0019CBA8 /* NecessityTableViewCell.xib */; };
		5E877EFB1A30157F0019CBA8 /* AddNecessityViewController.m in Sources */ = {isa = PBXBuildFile; fileRef = 5E877EFA1A30157F0019CBA8 /* AddNecessityViewController.m */; };
		5EA6F16C1A36A1CF0095CA25 /* CommonTableViewController.m in Sources */ = {isa = PBXBuildFile; fileRef = 5EA6F16B1A36A1CF0095CA25 /* CommonTableViewController.m */; };
		5EA6F1751A396F5D0095CA25 /* LaunchScreen.xib in Resources */ = {isa = PBXBuildFile; fileRef = 5EA6F1741A396F5D0095CA25 /* LaunchScreen.xib */; };
		5EA6F17B1A3A5DA60095CA25 /* AddViewController.m in Sources */ = {isa = PBXBuildFile; fileRef = 5EA6F17A1A3A5DA60095CA25 /* AddViewController.m */; };
		5EA6F17E1A3AB59D0095CA25 /* HMTableViewCell.m in Sources */ = {isa = PBXBuildFile; fileRef = 5EA6F17D1A3AB59D0095CA25 /* HMTableViewCell.m */; };
		5EA7620819E2269200AA3A48 /* Secrets.m in Sources */ = {isa = PBXBuildFile; fileRef = 5EA7620719E2269200AA3A48 /* Secrets.m */; };
		5EA7620B19E227E400AA3A48 /* Chore.m in Sources */ = {isa = PBXBuildFile; fileRef = 5EA7620A19E227E400AA3A48 /* Chore.m */; };
		5EA7621419E2280500AA3A48 /* Expense.m in Sources */ = {isa = PBXBuildFile; fileRef = 5EA7620D19E2280500AA3A48 /* Expense.m */; };
		5EA7621619E2280500AA3A48 /* Necessity.m in Sources */ = {isa = PBXBuildFile; fileRef = 5EA7621119E2280500AA3A48 /* Necessity.m */; };
		5EA7621719E2280500AA3A48 /* User.m in Sources */ = {isa = PBXBuildFile; fileRef = 5EA7621319E2280500AA3A48 /* User.m */; };
		5EA7621A19E2281900AA3A48 /* AppDelegate.m in Sources */ = {isa = PBXBuildFile; fileRef = 5EA7621919E2281900AA3A48 /* AppDelegate.m */; };
		5EA7621D19E2283800AA3A48 /* InfoPlist.strings in Resources */ = {isa = PBXBuildFile; fileRef = 5EA7621B19E2283800AA3A48 /* InfoPlist.strings */; };
		5EA7622019E2284000AA3A48 /* MainStoryboard.storyboard in Resources */ = {isa = PBXBuildFile; fileRef = 5EA7621E19E2284000AA3A48 /* MainStoryboard.storyboard */; };
		5EA7622519E2284E00AA3A48 /* main.m in Sources */ = {isa = PBXBuildFile; fileRef = 5EA7622319E2284E00AA3A48 /* main.m */; };
		5EA7622719E2288700AA3A48 /* Images.xcassets in Resources */ = {isa = PBXBuildFile; fileRef = 5EA7622619E2288700AA3A48 /* Images.xcassets */; };
		5EA7622A19E4C76900AA3A48 /* ExpenseViewController.m in Sources */ = {isa = PBXBuildFile; fileRef = 5EA7622919E4C76900AA3A48 /* ExpenseViewController.m */; };
		5EA7622E19E4C7D300AA3A48 /* ExpenseTableViewCell.m in Sources */ = {isa = PBXBuildFile; fileRef = 5EA7622C19E4C7D300AA3A48 /* ExpenseTableViewCell.m */; };
		5EA7622F19E4C7D300AA3A48 /* ExpenseTableViewCell.xib in Resources */ = {isa = PBXBuildFile; fileRef = 5EA7622D19E4C7D300AA3A48 /* ExpenseTableViewCell.xib */; };
		9E309DA302C14EEB905CEEFE /* libPods.a in Frameworks */ = {isa = PBXBuildFile; fileRef = 1EF9BC613901430EA0388D74 /* libPods.a */; };
/* End PBXBuildFile section */

/* Begin PBXContainerItemProxy section */
		5E75290E19B8DBBF00E37222 /* PBXContainerItemProxy */ = {
			isa = PBXContainerItemProxy;
			containerPortal = 5E7528E019B8DBBF00E37222 /* Project object */;
			proxyType = 1;
			remoteGlobalIDString = 5E7528E719B8DBBF00E37222;
			remoteInfo = Housemate;
		};
/* End PBXContainerItemProxy section */

/* Begin PBXFileReference section */
		1EF9BC613901430EA0388D74 /* libPods.a */ = {isa = PBXFileReference; explicitFileType = archive.ar; includeInIndex = 0; path = libPods.a; sourceTree = BUILT_PRODUCTS_DIR; };
		5E04E6411A1304830072C1D5 /* AddChoreViewController.h */ = {isa = PBXFileReference; fileEncoding = 4; lastKnownFileType = sourcecode.c.h; name = AddChoreViewController.h; path = ViewControllers/AddChoreViewController.h; sourceTree = SOURCE_ROOT; };
		5E04E6421A1304830072C1D5 /* AddChoreViewController.m */ = {isa = PBXFileReference; fileEncoding = 4; lastKnownFileType = sourcecode.c.objc; name = AddChoreViewController.m; path = ViewControllers/AddChoreViewController.m; sourceTree = SOURCE_ROOT; };
		5E29566019DCFB88005CFEE1 /* ChoreViewController.h */ = {isa = PBXFileReference; fileEncoding = 4; lastKnownFileType = sourcecode.c.h; name = ChoreViewController.h; path = ViewControllers/ChoreViewController.h; sourceTree = SOURCE_ROOT; };
		5E29566119DCFB88005CFEE1 /* ChoreViewController.m */ = {isa = PBXFileReference; fileEncoding = 4; lastKnownFileType = sourcecode.c.objc; name = ChoreViewController.m; path = ViewControllers/ChoreViewController.m; sourceTree = SOURCE_ROOT; };
		5E29566419DCFC6E005CFEE1 /* ChoreTableViewCell.h */ = {isa = PBXFileReference; fileEncoding = 4; lastKnownFileType = sourcecode.c.h; name = ChoreTableViewCell.h; path = CustomViews/ChoreTableViewCell.h; sourceTree = SOURCE_ROOT; };
		5E29566519DCFC6E005CFEE1 /* ChoreTableViewCell.m */ = {isa = PBXFileReference; fileEncoding = 4; lastKnownFileType = sourcecode.c.objc; name = ChoreTableViewCell.m; path = CustomViews/ChoreTableViewCell.m; sourceTree = SOURCE_ROOT; };
		5E29566619DCFC6E005CFEE1 /* ChoreTableViewCell.xib */ = {isa = PBXFileReference; fileEncoding = 4; lastKnownFileType = file.xib; name = ChoreTableViewCell.xib; path = CustomViews/ChoreTableViewCell.xib; sourceTree = SOURCE_ROOT; };
		5E2AA86219E8A19E0084D717 /* AddExpenseViewController.h */ = {isa = PBXFileReference; fileEncoding = 4; lastKnownFileType = sourcecode.c.h; name = AddExpenseViewController.h; path = ViewControllers/AddExpenseViewController.h; sourceTree = SOURCE_ROOT; };
		5E2AA86319E8A19E0084D717 /* AddExpenseViewController.m */ = {isa = PBXFileReference; fileEncoding = 4; lastKnownFileType = sourcecode.c.objc; name = AddExpenseViewController.m; path = ViewControllers/AddExpenseViewController.m; sourceTree = SOURCE_ROOT; };
		5E7528E819B8DBBF00E37222 /* Housemate.app */ = {isa = PBXFileReference; explicitFileType = wrapper.application; includeInIndex = 0; path = Housemate.app; sourceTree = BUILT_PRODUCTS_DIR; };
		5E7528EB19B8DBBF00E37222 /* Foundation.framework */ = {isa = PBXFileReference; lastKnownFileType = wrapper.framework; name = Foundation.framework; path = System/Library/Frameworks/Foundation.framework; sourceTree = SDKROOT; };
		5E7528ED19B8DBBF00E37222 /* CoreGraphics.framework */ = {isa = PBXFileReference; lastKnownFileType = wrapper.framework; name = CoreGraphics.framework; path = System/Library/Frameworks/CoreGraphics.framework; sourceTree = SDKROOT; };
		5E7528EF19B8DBBF00E37222 /* UIKit.framework */ = {isa = PBXFileReference; lastKnownFileType = wrapper.framework; name = UIKit.framework; path = System/Library/Frameworks/UIKit.framework; sourceTree = SDKROOT; };
		5E75290919B8DBBF00E37222 /* HousemateTests.xctest */ = {isa = PBXFileReference; explicitFileType = wrapper.cfbundle; includeInIndex = 0; path = HousemateTests.xctest; sourceTree = BUILT_PRODUCTS_DIR; };
		5E75290A19B8DBBF00E37222 /* XCTest.framework */ = {isa = PBXFileReference; lastKnownFileType = wrapper.framework; name = XCTest.framework; path = Library/Frameworks/XCTest.framework; sourceTree = DEVELOPER_DIR; };
		5E75291219B8DBBF00E37222 /* HousemateTests-Info.plist */ = {isa = PBXFileReference; lastKnownFileType = text.plist.xml; path = "HousemateTests-Info.plist"; sourceTree = "<group>"; };
		5E75291419B8DBBF00E37222 /* en */ = {isa = PBXFileReference; lastKnownFileType = text.plist.strings; name = en; path = en.lproj/InfoPlist.strings; sourceTree = "<group>"; };
		5E75291619B8DBBF00E37222 /* HousemateTests.m */ = {isa = PBXFileReference; lastKnownFileType = sourcecode.c.objc; path = HousemateTests.m; sourceTree = "<group>"; };
		5E877EDC1A1F0C440019CBA8 /* UIColor+HMColor.h */ = {isa = PBXFileReference; fileEncoding = 4; lastKnownFileType = sourcecode.c.h; name = "UIColor+HMColor.h"; path = "Classes/UIColor+HMColor.h"; sourceTree = SOURCE_ROOT; };
		5E877EDD1A1F0C440019CBA8 /* UIColor+HMColor.m */ = {isa = PBXFileReference; fileEncoding = 4; lastKnownFileType = sourcecode.c.objc; name = "UIColor+HMColor.m"; path = "Classes/UIColor+HMColor.m"; sourceTree = SOURCE_ROOT; };
		5E877EEE1A2E5D300019CBA8 /* AccountViewController.h */ = {isa = PBXFileReference; fileEncoding = 4; lastKnownFileType = sourcecode.c.h; name = AccountViewController.h; path = ViewControllers/AccountViewController.h; sourceTree = SOURCE_ROOT; };
		5E877EEF1A2E5D300019CBA8 /* AccountViewController.m */ = {isa = PBXFileReference; fileEncoding = 4; lastKnownFileType = sourcecode.c.objc; name = AccountViewController.m; path = ViewControllers/AccountViewController.m; sourceTree = SOURCE_ROOT; };
		5E877EF11A30101D0019CBA8 /* ShoppingViewController.h */ = {isa = PBXFileReference; fileEncoding = 4; lastKnownFileType = sourcecode.c.h; name = ShoppingViewController.h; path = ViewControllers/ShoppingViewController.h; sourceTree = SOURCE_ROOT; };
		5E877EF21A30101D0019CBA8 /* ShoppingViewController.m */ = {isa = PBXFileReference; fileEncoding = 4; lastKnownFileType = sourcecode.c.objc; name = ShoppingViewController.m; path = ViewControllers/ShoppingViewController.m; sourceTree = SOURCE_ROOT; };
		5E877EF41A30114D0019CBA8 /* NecessityTableViewCell.h */ = {isa = PBXFileReference; fileEncoding = 4; lastKnownFileType = sourcecode.c.h; name = NecessityTableViewCell.h; path = CustomViews/NecessityTableViewCell.h; sourceTree = SOURCE_ROOT; };
		5E877EF51A30114D0019CBA8 /* NecessityTableViewCell.m */ = {isa = PBXFileReference; fileEncoding = 4; lastKnownFileType = sourcecode.c.objc; name = NecessityTableViewCell.m; path = CustomViews/NecessityTableViewCell.m; sourceTree = SOURCE_ROOT; };
		5E877EF61A30114D0019CBA8 /* NecessityTableViewCell.xib */ = {isa = PBXFileReference; fileEncoding = 4; lastKnownFileType = file.xib; name = NecessityTableViewCell.xib; path = CustomViews/NecessityTableViewCell.xib; sourceTree = SOURCE_ROOT; };
		5E877EF91A30157F0019CBA8 /* AddNecessityViewController.h */ = {isa = PBXFileReference; fileEncoding = 4; lastKnownFileType = sourcecode.c.h; name = AddNecessityViewController.h; path = ViewControllers/AddNecessityViewController.h; sourceTree = SOURCE_ROOT; };
		5E877EFA1A30157F0019CBA8 /* AddNecessityViewController.m */ = {isa = PBXFileReference; fileEncoding = 4; lastKnownFileType = sourcecode.c.objc; name = AddNecessityViewController.m; path = ViewControllers/AddNecessityViewController.m; sourceTree = SOURCE_ROOT; };
		5EA6F16A1A36A1CF0095CA25 /* CommonTableViewController.h */ = {isa = PBXFileReference; fileEncoding = 4; lastKnownFileType = sourcecode.c.h; name = CommonTableViewController.h; path = ViewControllers/CommonTableViewController.h; sourceTree = SOURCE_ROOT; };
		5EA6F16B1A36A1CF0095CA25 /* CommonTableViewController.m */ = {isa = PBXFileReference; fileEncoding = 4; lastKnownFileType = sourcecode.c.objc; name = CommonTableViewController.m; path = ViewControllers/CommonTableViewController.m; sourceTree = SOURCE_ROOT; };
		5EA6F16D1A36A9010095CA25 /* Constants.h */ = {isa = PBXFileReference; fileEncoding = 4; lastKnownFileType = sourcecode.c.h; name = Constants.h; path = Classes/Constants.h; sourceTree = SOURCE_ROOT; };
		5EA6F1741A396F5D0095CA25 /* LaunchScreen.xib */ = {isa = PBXFileReference; fileEncoding = 4; lastKnownFileType = file.xib; path = LaunchScreen.xib; sourceTree = SOURCE_ROOT; };
		5EA6F1791A3A5DA60095CA25 /* AddViewController.h */ = {isa = PBXFileReference; fileEncoding = 4; lastKnownFileType = sourcecode.c.h; name = AddViewController.h; path = ViewControllers/AddViewController.h; sourceTree = SOURCE_ROOT; };
		5EA6F17A1A3A5DA60095CA25 /* AddViewController.m */ = {isa = PBXFileReference; fileEncoding = 4; lastKnownFileType = sourcecode.c.objc; name = AddViewController.m; path = ViewControllers/AddViewController.m; sourceTree = SOURCE_ROOT; };
		5EA6F17C1A3AB59D0095CA25 /* HMTableViewCell.h */ = {isa = PBXFileReference; fileEncoding = 4; lastKnownFileType = sourcecode.c.h; name = HMTableViewCell.h; path = CustomViews/HMTableViewCell.h; sourceTree = SOURCE_ROOT; };
		5EA6F17D1A3AB59D0095CA25 /* HMTableViewCell.m */ = {isa = PBXFileReference; fileEncoding = 4; lastKnownFileType = sourcecode.c.objc; name = HMTableViewCell.m; path = CustomViews/HMTableViewCell.m; sourceTree = SOURCE_ROOT; };
		5EA7620619E2269200AA3A48 /* Secrets.h */ = {isa = PBXFileReference; fileEncoding = 4; lastKnownFileType = sourcecode.c.h; name = Secrets.h; path = Classes/Secrets.h; sourceTree = SOURCE_ROOT; };
		5EA7620719E2269200AA3A48 /* Secrets.m */ = {isa = PBXFileReference; fileEncoding = 4; lastKnownFileType = sourcecode.c.objc; name = Secrets.m; path = Classes/Secrets.m; sourceTree = SOURCE_ROOT; };
		5EA7620919E227E400AA3A48 /* Chore.h */ = {isa = PBXFileReference; fileEncoding = 4; lastKnownFileType = sourcecode.c.h; name = Chore.h; path = Classes/Chore.h; sourceTree = SOURCE_ROOT; };
		5EA7620A19E227E400AA3A48 /* Chore.m */ = {isa = PBXFileReference; fileEncoding = 4; lastKnownFileType = sourcecode.c.objc; name = Chore.m; path = Classes/Chore.m; sourceTree = SOURCE_ROOT; };
		5EA7620C19E2280500AA3A48 /* Expense.h */ = {isa = PBXFileReference; fileEncoding = 4; lastKnownFileType = sourcecode.c.h; name = Expense.h; path = Classes/Expense.h; sourceTree = SOURCE_ROOT; };
		5EA7620D19E2280500AA3A48 /* Expense.m */ = {isa = PBXFileReference; fileEncoding = 4; lastKnownFileType = sourcecode.c.objc; name = Expense.m; path = Classes/Expense.m; sourceTree = SOURCE_ROOT; };
		5EA7621019E2280500AA3A48 /* Necessity.h */ = {isa = PBXFileReference; fileEncoding = 4; lastKnownFileType = sourcecode.c.h; name = Necessity.h; path = Classes/Necessity.h; sourceTree = SOURCE_ROOT; };
		5EA7621119E2280500AA3A48 /* Necessity.m */ = {isa = PBXFileReference; fileEncoding = 4; lastKnownFileType = sourcecode.c.objc; name = Necessity.m; path = Classes/Necessity.m; sourceTree = SOURCE_ROOT; };
		5EA7621219E2280500AA3A48 /* User.h */ = {isa = PBXFileReference; fileEncoding = 4; lastKnownFileType = sourcecode.c.h; name = User.h; path = Classes/User.h; sourceTree = SOURCE_ROOT; };
		5EA7621319E2280500AA3A48 /* User.m */ = {isa = PBXFileReference; fileEncoding = 4; lastKnownFileType = sourcecode.c.objc; name = User.m; path = Classes/User.m; sourceTree = SOURCE_ROOT; };
		5EA7621819E2281900AA3A48 /* AppDelegate.h */ = {isa = PBXFileReference; fileEncoding = 4; lastKnownFileType = sourcecode.c.h; path = AppDelegate.h; sourceTree = SOURCE_ROOT; };
		5EA7621919E2281900AA3A48 /* AppDelegate.m */ = {isa = PBXFileReference; fileEncoding = 4; lastKnownFileType = sourcecode.c.objc; path = AppDelegate.m; sourceTree = SOURCE_ROOT; };
		5EA7621C19E2283800AA3A48 /* en */ = {isa = PBXFileReference; lastKnownFileType = text.plist.strings; name = en; path = en.lproj/InfoPlist.strings; sourceTree = SOURCE_ROOT; };
		5EA7621F19E2284000AA3A48 /* Base */ = {isa = PBXFileReference; lastKnownFileType = file.storyboard; name = Base; path = Base.lproj/MainStoryboard.storyboard; sourceTree = SOURCE_ROOT; };
		5EA7622119E2284E00AA3A48 /* Housemate-Info.plist */ = {isa = PBXFileReference; fileEncoding = 4; lastKnownFileType = text.plist.xml; path = "Housemate-Info.plist"; sourceTree = SOURCE_ROOT; };
		5EA7622219E2284E00AA3A48 /* Housemate-Prefix.pch */ = {isa = PBXFileReference; fileEncoding = 4; lastKnownFileType = sourcecode.c.h; path = "Housemate-Prefix.pch"; sourceTree = SOURCE_ROOT; };
		5EA7622319E2284E00AA3A48 /* main.m */ = {isa = PBXFileReference; fileEncoding = 4; lastKnownFileType = sourcecode.c.objc; path = main.m; sourceTree = SOURCE_ROOT; };
		5EA7622619E2288700AA3A48 /* Images.xcassets */ = {isa = PBXFileReference; lastKnownFileType = folder.assetcatalog; path = Images.xcassets; sourceTree = SOURCE_ROOT; };
		5EA7622819E4C76900AA3A48 /* ExpenseViewController.h */ = {isa = PBXFileReference; fileEncoding = 4; lastKnownFileType = sourcecode.c.h; name = ExpenseViewController.h; path = ViewControllers/ExpenseViewController.h; sourceTree = SOURCE_ROOT; };
		5EA7622919E4C76900AA3A48 /* ExpenseViewController.m */ = {isa = PBXFileReference; fileEncoding = 4; lastKnownFileType = sourcecode.c.objc; name = ExpenseViewController.m; path = ViewControllers/ExpenseViewController.m; sourceTree = SOURCE_ROOT; };
		5EA7622B19E4C7D300AA3A48 /* ExpenseTableViewCell.h */ = {isa = PBXFileReference; fileEncoding = 4; lastKnownFileType = sourcecode.c.h; name = ExpenseTableViewCell.h; path = CustomViews/ExpenseTableViewCell.h; sourceTree = SOURCE_ROOT; };
		5EA7622C19E4C7D300AA3A48 /* ExpenseTableViewCell.m */ = {isa = PBXFileReference; fileEncoding = 4; lastKnownFileType = sourcecode.c.objc; name = ExpenseTableViewCell.m; path = CustomViews/ExpenseTableViewCell.m; sourceTree = SOURCE_ROOT; };
		5EA7622D19E4C7D300AA3A48 /* ExpenseTableViewCell.xib */ = {isa = PBXFileReference; fileEncoding = 4; lastKnownFileType = file.xib; name = ExpenseTableViewCell.xib; path = CustomViews/ExpenseTableViewCell.xib; sourceTree = SOURCE_ROOT; };
		66BB77097F773623E57C89A4 /* Pods.release.xcconfig */ = {isa = PBXFileReference; includeInIndex = 1; lastKnownFileType = text.xcconfig; name = Pods.release.xcconfig; path = "Pods/Target Support Files/Pods/Pods.release.xcconfig"; sourceTree = "<group>"; };
		AEAF198B7B98D43C4EB85753 /* Pods.debug.xcconfig */ = {isa = PBXFileReference; includeInIndex = 1; lastKnownFileType = text.xcconfig; name = Pods.debug.xcconfig; path = "Pods/Target Support Files/Pods/Pods.debug.xcconfig"; sourceTree = "<group>"; };
/* End PBXFileReference section */

/* Begin PBXFrameworksBuildPhase section */
		5E7528E519B8DBBF00E37222 /* Frameworks */ = {
			isa = PBXFrameworksBuildPhase;
			buildActionMask = 2147483647;
			files = (
				5E7528EE19B8DBBF00E37222 /* CoreGraphics.framework in Frameworks */,
				5E7528F019B8DBBF00E37222 /* UIKit.framework in Frameworks */,
				5E7528EC19B8DBBF00E37222 /* Foundation.framework in Frameworks */,
				9E309DA302C14EEB905CEEFE /* libPods.a in Frameworks */,
			);
			runOnlyForDeploymentPostprocessing = 0;
		};
		5E75290619B8DBBF00E37222 /* Frameworks */ = {
			isa = PBXFrameworksBuildPhase;
			buildActionMask = 2147483647;
			files = (
				5E75290B19B8DBBF00E37222 /* XCTest.framework in Frameworks */,
				5E75290D19B8DBBF00E37222 /* UIKit.framework in Frameworks */,
				5E75290C19B8DBBF00E37222 /* Foundation.framework in Frameworks */,
			);
			runOnlyForDeploymentPostprocessing = 0;
		};
/* End PBXFrameworksBuildPhase section */

/* Begin PBXGroup section */
		20147E626194A51454F8B9EA /* Pods */ = {
			isa = PBXGroup;
			children = (
				AEAF198B7B98D43C4EB85753 /* Pods.debug.xcconfig */,
				66BB77097F773623E57C89A4 /* Pods.release.xcconfig */,
			);
			name = Pods;
			sourceTree = "<group>";
		};
		5E29565F19DC7414005CFEE1 /* ViewControllers */ = {
			isa = PBXGroup;
			children = (
				5EA6F1791A3A5DA60095CA25 /* AddViewController.h */,
				5EA6F17A1A3A5DA60095CA25 /* AddViewController.m */,
				5E04E6411A1304830072C1D5 /* AddChoreViewController.h */,
				5E04E6421A1304830072C1D5 /* AddChoreViewController.m */,
				5E2AA86219E8A19E0084D717 /* AddExpenseViewController.h */,
				5E2AA86319E8A19E0084D717 /* AddExpenseViewController.m */,
				5E877EF91A30157F0019CBA8 /* AddNecessityViewController.h */,
				5E877EFA1A30157F0019CBA8 /* AddNecessityViewController.m */,
				5EA6F16A1A36A1CF0095CA25 /* CommonTableViewController.h */,
				5EA6F16B1A36A1CF0095CA25 /* CommonTableViewController.m */,
				5E29566019DCFB88005CFEE1 /* ChoreViewController.h */,
				5E29566119DCFB88005CFEE1 /* ChoreViewController.m */,
				5EA7622819E4C76900AA3A48 /* ExpenseViewController.h */,
				5EA7622919E4C76900AA3A48 /* ExpenseViewController.m */,
				5E877EF11A30101D0019CBA8 /* ShoppingViewController.h */,
				5E877EF21A30101D0019CBA8 /* ShoppingViewController.m */,
				5E877EEE1A2E5D300019CBA8 /* AccountViewController.h */,
				5E877EEF1A2E5D300019CBA8 /* AccountViewController.m */,
			);
			name = ViewControllers;
			sourceTree = "<group>";
		};
		5E29566319DCFC48005CFEE1 /* CustomViews */ = {
			isa = PBXGroup;
			children = (
				5E29566419DCFC6E005CFEE1 /* ChoreTableViewCell.h */,
				5E29566519DCFC6E005CFEE1 /* ChoreTableViewCell.m */,
				5E29566619DCFC6E005CFEE1 /* ChoreTableViewCell.xib */,
				5EA7622B19E4C7D300AA3A48 /* ExpenseTableViewCell.h */,
				5EA7622C19E4C7D300AA3A48 /* ExpenseTableViewCell.m */,
				5EA7622D19E4C7D300AA3A48 /* ExpenseTableViewCell.xib */,
				5E877EF41A30114D0019CBA8 /* NecessityTableViewCell.h */,
				5E877EF51A30114D0019CBA8 /* NecessityTableViewCell.m */,
				5E877EF61A30114D0019CBA8 /* NecessityTableViewCell.xib */,
				5EA6F17C1A3AB59D0095CA25 /* HMTableViewCell.h */,
				5EA6F17D1A3AB59D0095CA25 /* HMTableViewCell.m */,
			);
			name = CustomViews;
			sourceTree = "<group>";
		};
		5E7528DF19B8DBBF00E37222 = {
			isa = PBXGroup;
			children = (
				5E7528F119B8DBBF00E37222 /* Housemate */,
				5E75291019B8DBBF00E37222 /* HousemateTests */,
				5E7528EA19B8DBBF00E37222 /* Frameworks */,
				5E7528E919B8DBBF00E37222 /* Products */,
				20147E626194A51454F8B9EA /* Pods */,
			);
			sourceTree = "<group>";
		};
		5E7528E919B8DBBF00E37222 /* Products */ = {
			isa = PBXGroup;
			children = (
				5E7528E819B8DBBF00E37222 /* Housemate.app */,
				5E75290919B8DBBF00E37222 /* HousemateTests.xctest */,
			);
			name = Products;
			sourceTree = "<group>";
		};
		5E7528EA19B8DBBF00E37222 /* Frameworks */ = {
			isa = PBXGroup;
			children = (
				5E7528EB19B8DBBF00E37222 /* Foundation.framework */,
				5E7528ED19B8DBBF00E37222 /* CoreGraphics.framework */,
				5E7528EF19B8DBBF00E37222 /* UIKit.framework */,
				5E75290A19B8DBBF00E37222 /* XCTest.framework */,
				1EF9BC613901430EA0388D74 /* libPods.a */,
			);
			name = Frameworks;
			sourceTree = "<group>";
		};
		5E7528F119B8DBBF00E37222 /* Housemate */ = {
			isa = PBXGroup;
			children = (
				5EA7622619E2288700AA3A48 /* Images.xcassets */,
				5EA7622119E2284E00AA3A48 /* Housemate-Info.plist */,
				5EA7622219E2284E00AA3A48 /* Housemate-Prefix.pch */,
				5EA7622319E2284E00AA3A48 /* main.m */,
				5EA7621E19E2284000AA3A48 /* MainStoryboard.storyboard */,
				5EA7621B19E2283800AA3A48 /* InfoPlist.strings */,
				5EA7621819E2281900AA3A48 /* AppDelegate.h */,
				5EA7621919E2281900AA3A48 /* AppDelegate.m */,
				5EA6F1741A396F5D0095CA25 /* LaunchScreen.xib */,
				5E29566319DCFC48005CFEE1 /* CustomViews */,
				5E9936A419DC6FFE00DF1EC3 /* Classes */,
				5E29565F19DC7414005CFEE1 /* ViewControllers */,
				5E7528F219B8DBBF00E37222 /* Supporting Files */,
			);
			path = Housemate;
			sourceTree = "<group>";
		};
		5E7528F219B8DBBF00E37222 /* Supporting Files */ = {
			isa = PBXGroup;
			children = (
			);
			name = "Supporting Files";
			sourceTree = "<group>";
		};
		5E75291019B8DBBF00E37222 /* HousemateTests */ = {
			isa = PBXGroup;
			children = (
				5E75291619B8DBBF00E37222 /* HousemateTests.m */,
				5E75291119B8DBBF00E37222 /* Supporting Files */,
			);
			path = HousemateTests;
			sourceTree = "<group>";
		};
		5E75291119B8DBBF00E37222 /* Supporting Files */ = {
			isa = PBXGroup;
			children = (
				5E75291219B8DBBF00E37222 /* HousemateTests-Info.plist */,
				5E75291319B8DBBF00E37222 /* InfoPlist.strings */,
			);
			name = "Supporting Files";
			sourceTree = "<group>";
		};
		5E9936A419DC6FFE00DF1EC3 /* Classes */ = {
			isa = PBXGroup;
			children = (
				5E877EDC1A1F0C440019CBA8 /* UIColor+HMColor.h */,
				5E877EDD1A1F0C440019CBA8 /* UIColor+HMColor.m */,
				5EA7620C19E2280500AA3A48 /* Expense.h */,
				5EA7620D19E2280500AA3A48 /* Expense.m */,
				5EA7621019E2280500AA3A48 /* Necessity.h */,
				5EA7621119E2280500AA3A48 /* Necessity.m */,
				5EA7621219E2280500AA3A48 /* User.h */,
				5EA7621319E2280500AA3A48 /* User.m */,
				5EA7620919E227E400AA3A48 /* Chore.h */,
				5EA7620A19E227E400AA3A48 /* Chore.m */,
				5EA7620619E2269200AA3A48 /* Secrets.h */,
				5EA7620719E2269200AA3A48 /* Secrets.m */,
				5EA6F16D1A36A9010095CA25 /* Constants.h */,
			);
			path = Classes;
			sourceTree = "<group>";
		};
/* End PBXGroup section */

/* Begin PBXNativeTarget section */
		5E7528E719B8DBBF00E37222 /* Housemate */ = {
			isa = PBXNativeTarget;
			buildConfigurationList = 5E75291A19B8DBBF00E37222 /* Build configuration list for PBXNativeTarget "Housemate" */;
			buildPhases = (
				12D1A6B10D3444F0A857978A /* Check Pods Manifest.lock */,
				5E7528E419B8DBBF00E37222 /* Sources */,
				5E7528E519B8DBBF00E37222 /* Frameworks */,
				5E7528E619B8DBBF00E37222 /* Resources */,
				406BF7909D1E4543945358DF /* Copy Pods Resources */,
			);
			buildRules = (
			);
			dependencies = (
			);
			name = Housemate;
			productName = Housemate;
			productReference = 5E7528E819B8DBBF00E37222 /* Housemate.app */;
			productType = "com.apple.product-type.application";
		};
		5E75290819B8DBBF00E37222 /* HousemateTests */ = {
			isa = PBXNativeTarget;
			buildConfigurationList = 5E75291D19B8DBBF00E37222 /* Build configuration list for PBXNativeTarget "HousemateTests" */;
			buildPhases = (
				5E75290519B8DBBF00E37222 /* Sources */,
				5E75290619B8DBBF00E37222 /* Frameworks */,
				5E75290719B8DBBF00E37222 /* Resources */,
			);
			buildRules = (
			);
			dependencies = (
				5E75290F19B8DBBF00E37222 /* PBXTargetDependency */,
			);
			name = HousemateTests;
			productName = HousemateTests;
			productReference = 5E75290919B8DBBF00E37222 /* HousemateTests.xctest */;
			productType = "com.apple.product-type.bundle.unit-test";
		};
/* End PBXNativeTarget section */

/* Begin PBXProject section */
		5E7528E019B8DBBF00E37222 /* Project object */ = {
			isa = PBXProject;
			attributes = {
				LastUpgradeCheck = 0610;
				ORGANIZATIONNAME = "Chelsea Pugh";
				TargetAttributes = {
					5E7528E719B8DBBF00E37222 = {
						DevelopmentTeam = 78CY729S9Z;
					};
					5E75290819B8DBBF00E37222 = {
						TestTargetID = 5E7528E719B8DBBF00E37222;
					};
				};
			};
			buildConfigurationList = 5E7528E319B8DBBF00E37222 /* Build configuration list for PBXProject "Housemate" */;
			compatibilityVersion = "Xcode 3.2";
			developmentRegion = English;
			hasScannedForEncodings = 0;
			knownRegions = (
				en,
				Base,
			);
			mainGroup = 5E7528DF19B8DBBF00E37222;
			productRefGroup = 5E7528E919B8DBBF00E37222 /* Products */;
			projectDirPath = "";
			projectRoot = "";
			targets = (
				5E7528E719B8DBBF00E37222 /* Housemate */,
				5E75290819B8DBBF00E37222 /* HousemateTests */,
			);
		};
/* End PBXProject section */

/* Begin PBXResourcesBuildPhase section */
		5E7528E619B8DBBF00E37222 /* Resources */ = {
			isa = PBXResourcesBuildPhase;
			buildActionMask = 2147483647;
			files = (
				5EA7622719E2288700AA3A48 /* Images.xcassets in Resources */,
				5EA7622F19E4C7D300AA3A48 /* ExpenseTableViewCell.xib in Resources */,
				5EA7621D19E2283800AA3A48 /* InfoPlist.strings in Resources */,
				5EA6F1751A396F5D0095CA25 /* LaunchScreen.xib in Resources */,
				5EA7622019E2284000AA3A48 /* MainStoryboard.storyboard in Resources */,
				5E877EF81A30114D0019CBA8 /* NecessityTableViewCell.xib in Resources */,
				5E29566819DCFC6E005CFEE1 /* ChoreTableViewCell.xib in Resources */,
			);
			runOnlyForDeploymentPostprocessing = 0;
		};
		5E75290719B8DBBF00E37222 /* Resources */ = {
			isa = PBXResourcesBuildPhase;
			buildActionMask = 2147483647;
			files = (
				5E75291519B8DBBF00E37222 /* InfoPlist.strings in Resources */,
			);
			runOnlyForDeploymentPostprocessing = 0;
		};
/* End PBXResourcesBuildPhase section */

/* Begin PBXShellScriptBuildPhase section */
		12D1A6B10D3444F0A857978A /* Check Pods Manifest.lock */ = {
			isa = PBXShellScriptBuildPhase;
			buildActionMask = 2147483647;
			files = (
			);
			inputPaths = (
			);
			name = "Check Pods Manifest.lock";
			outputPaths = (
			);
			runOnlyForDeploymentPostprocessing = 0;
			shellPath = /bin/sh;
			shellScript = "diff \"${PODS_ROOT}/../Podfile.lock\" \"${PODS_ROOT}/Manifest.lock\" > /dev/null\nif [[ $? != 0 ]] ; then\n    cat << EOM\nerror: The sandbox is not in sync with the Podfile.lock. Run 'pod install' or update your CocoaPods installation.\nEOM\n    exit 1\nfi\n";
			showEnvVarsInLog = 0;
		};
		406BF7909D1E4543945358DF /* Copy Pods Resources */ = {
			isa = PBXShellScriptBuildPhase;
			buildActionMask = 2147483647;
			files = (
			);
			inputPaths = (
			);
			name = "Copy Pods Resources";
			outputPaths = (
			);
			runOnlyForDeploymentPostprocessing = 0;
			shellPath = /bin/sh;
			shellScript = "\"${SRCROOT}/Pods/Target Support Files/Pods/Pods-resources.sh\"\n";
			showEnvVarsInLog = 0;
		};
/* End PBXShellScriptBuildPhase section */

/* Begin PBXSourcesBuildPhase section */
		5E7528E419B8DBBF00E37222 /* Sources */ = {
			isa = PBXSourcesBuildPhase;
			buildActionMask = 2147483647;
			files = (
				5EA7621A19E2281900AA3A48 /* AppDelegate.m in Sources */,
				5E29566219DCFB88005CFEE1 /* ChoreViewController.m in Sources */,
				5EA6F16C1A36A1CF0095CA25 /* CommonTableViewController.m in Sources */,
				5EA7620B19E227E400AA3A48 /* Chore.m in Sources */,
				5EA7621619E2280500AA3A48 /* Necessity.m in Sources */,
				5E2AA86419E8A19E0084D717 /* AddExpenseViewController.m in Sources */,
				5EA7622A19E4C76900AA3A48 /* ExpenseViewController.m in Sources */,
				5E877EFB1A30157F0019CBA8 /* AddNecessityViewController.m in Sources */,
				5EA7621419E2280500AA3A48 /* Expense.m in Sources */,
				5E877EF71A30114D0019CBA8 /* NecessityTableViewCell.m in Sources */,
				5EA7621719E2280500AA3A48 /* User.m in Sources */,
				5EA7620819E2269200AA3A48 /* Secrets.m in Sources */,
				5E29566719DCFC6E005CFEE1 /* ChoreTableViewCell.m in Sources */,
				5EA6F17E1A3AB59D0095CA25 /* HMTableViewCell.m in Sources */,
				5E04E6431A1304830072C1D5 /* AddChoreViewController.m in Sources */,
				5E877EF31A30101D0019CBA8 /* ShoppingViewController.m in Sources */,
				5EA7622519E2284E00AA3A48 /* main.m in Sources */,
				5EA7622E19E4C7D300AA3A48 /* ExpenseTableViewCell.m in Sources */,
				5EA6F17B1A3A5DA60095CA25 /* AddViewController.m in Sources */,
				5E877EF01A2E5D300019CBA8 /* AccountViewController.m in Sources */,
				5E877EDE1A1F0C440019CBA8 /* UIColor+HMColor.m in Sources */,
			);
			runOnlyForDeploymentPostprocessing = 0;
		};
		5E75290519B8DBBF00E37222 /* Sources */ = {
			isa = PBXSourcesBuildPhase;
			buildActionMask = 2147483647;
			files = (
				5E75291719B8DBBF00E37222 /* HousemateTests.m in Sources */,
			);
			runOnlyForDeploymentPostprocessing = 0;
		};
/* End PBXSourcesBuildPhase section */

/* Begin PBXTargetDependency section */
		5E75290F19B8DBBF00E37222 /* PBXTargetDependency */ = {
			isa = PBXTargetDependency;
			target = 5E7528E719B8DBBF00E37222 /* Housemate */;
			targetProxy = 5E75290E19B8DBBF00E37222 /* PBXContainerItemProxy */;
		};
/* End PBXTargetDependency section */

/* Begin PBXVariantGroup section */
		5E75291319B8DBBF00E37222 /* InfoPlist.strings */ = {
			isa = PBXVariantGroup;
			children = (
				5E75291419B8DBBF00E37222 /* en */,
			);
			name = InfoPlist.strings;
			sourceTree = "<group>";
		};
		5EA7621B19E2283800AA3A48 /* InfoPlist.strings */ = {
			isa = PBXVariantGroup;
			children = (
				5EA7621C19E2283800AA3A48 /* en */,
			);
			name = InfoPlist.strings;
			sourceTree = "<group>";
		};
		5EA7621E19E2284000AA3A48 /* MainStoryboard.storyboard */ = {
			isa = PBXVariantGroup;
			children = (
				5EA7621F19E2284000AA3A48 /* Base */,
			);
			name = MainStoryboard.storyboard;
			sourceTree = "<group>";
		};
/* End PBXVariantGroup section */

/* Begin XCBuildConfiguration section */
		5E75291819B8DBBF00E37222 /* Debug */ = {
			isa = XCBuildConfiguration;
			buildSettings = {
				ALWAYS_SEARCH_USER_PATHS = NO;
				ASSETCATALOG_COMPILER_LAUNCHIMAGE_NAME = "";
				CLANG_CXX_LANGUAGE_STANDARD = "gnu++0x";
				CLANG_CXX_LIBRARY = "libc++";
				CLANG_ENABLE_MODULES = YES;
				CLANG_ENABLE_OBJC_ARC = YES;
				CLANG_WARN_BOOL_CONVERSION = YES;
				CLANG_WARN_CONSTANT_CONVERSION = YES;
				CLANG_WARN_DIRECT_OBJC_ISA_USAGE = YES_ERROR;
				CLANG_WARN_EMPTY_BODY = YES;
				CLANG_WARN_ENUM_CONVERSION = YES;
				CLANG_WARN_INT_CONVERSION = YES;
				CLANG_WARN_OBJC_ROOT_CLASS = YES_ERROR;
				CLANG_WARN__DUPLICATE_METHOD_MATCH = YES;
				"CODE_SIGN_IDENTITY[sdk=iphoneos*]" = "iPhone Developer";
				COPY_PHASE_STRIP = NO;
				GCC_C_LANGUAGE_STANDARD = gnu99;
				GCC_DYNAMIC_NO_PIC = NO;
				GCC_OPTIMIZATION_LEVEL = 0;
				GCC_PREPROCESSOR_DEFINITIONS = (
					"DEBUG=1",
					"$(inherited)",
				);
				GCC_SYMBOLS_PRIVATE_EXTERN = NO;
				GCC_WARN_64_TO_32_BIT_CONVERSION = YES;
				GCC_WARN_ABOUT_RETURN_TYPE = YES_ERROR;
				GCC_WARN_UNDECLARED_SELECTOR = YES;
				GCC_WARN_UNINITIALIZED_AUTOS = YES_AGGRESSIVE;
				GCC_WARN_UNUSED_FUNCTION = YES;
				GCC_WARN_UNUSED_VARIABLE = YES;
				IPHONEOS_DEPLOYMENT_TARGET = 8.0;
				ONLY_ACTIVE_ARCH = YES;
				SDKROOT = iphoneos;
			};
			name = Debug;
		};
		5E75291919B8DBBF00E37222 /* Release */ = {
			isa = XCBuildConfiguration;
			buildSettings = {
				ALWAYS_SEARCH_USER_PATHS = NO;
				ASSETCATALOG_COMPILER_LAUNCHIMAGE_NAME = "";
				CLANG_CXX_LANGUAGE_STANDARD = "gnu++0x";
				CLANG_CXX_LIBRARY = "libc++";
				CLANG_ENABLE_MODULES = YES;
				CLANG_ENABLE_OBJC_ARC = YES;
				CLANG_WARN_BOOL_CONVERSION = YES;
				CLANG_WARN_CONSTANT_CONVERSION = YES;
				CLANG_WARN_DIRECT_OBJC_ISA_USAGE = YES_ERROR;
				CLANG_WARN_EMPTY_BODY = YES;
				CLANG_WARN_ENUM_CONVERSION = YES;
				CLANG_WARN_INT_CONVERSION = YES;
				CLANG_WARN_OBJC_ROOT_CLASS = YES_ERROR;
				CLANG_WARN__DUPLICATE_METHOD_MATCH = YES;
				"CODE_SIGN_IDENTITY[sdk=iphoneos*]" = "iPhone Developer";
				COPY_PHASE_STRIP = YES;
				ENABLE_NS_ASSERTIONS = NO;
				GCC_C_LANGUAGE_STANDARD = gnu99;
				GCC_WARN_64_TO_32_BIT_CONVERSION = YES;
				GCC_WARN_ABOUT_RETURN_TYPE = YES_ERROR;
				GCC_WARN_UNDECLARED_SELECTOR = YES;
				GCC_WARN_UNINITIALIZED_AUTOS = YES_AGGRESSIVE;
				GCC_WARN_UNUSED_FUNCTION = YES;
				GCC_WARN_UNUSED_VARIABLE = YES;
				IPHONEOS_DEPLOYMENT_TARGET = 8.0;
				SDKROOT = iphoneos;
				VALIDATE_PRODUCT = YES;
			};
			name = Release;
		};
		5E75291B19B8DBBF00E37222 /* Debug */ = {
			isa = XCBuildConfiguration;
			baseConfigurationReference = AEAF198B7B98D43C4EB85753 /* Pods.debug.xcconfig */;
			buildSettings = {
				ASSETCATALOG_COMPILER_APPICON_NAME = AppIcon;
				CODE_SIGN_IDENTITY = "iPhone Developer";
				"CODE_SIGN_IDENTITY[sdk=iphoneos*]" = "iPhone Developer";
				GCC_PRECOMPILE_PREFIX_HEADER = YES;
				GCC_PREFIX_HEADER = "Housemate-Prefix.pch";
				INFOPLIST_FILE = "Housemate-Info.plist";
				IPHONEOS_DEPLOYMENT_TARGET = 8.0;
				PRODUCT_NAME = "$(TARGET_NAME)";
				PROVISIONING_PROFILE = "";
				WRAPPER_EXTENSION = app;
			};
			name = Debug;
		};
		5E75291C19B8DBBF00E37222 /* Release */ = {
			isa = XCBuildConfiguration;
			baseConfigurationReference = 66BB77097F773623E57C89A4 /* Pods.release.xcconfig */;
			buildSettings = {
				ASSETCATALOG_COMPILER_APPICON_NAME = AppIcon;
				CODE_SIGN_IDENTITY = "iPhone Developer";
				"CODE_SIGN_IDENTITY[sdk=iphoneos*]" = "iPhone Developer";
				GCC_PRECOMPILE_PREFIX_HEADER = YES;
				GCC_PREFIX_HEADER = "Housemate-Prefix.pch";
				INFOPLIST_FILE = "Housemate-Info.plist";
				IPHONEOS_DEPLOYMENT_TARGET = 8.0;
				PRODUCT_NAME = "$(TARGET_NAME)";
				PROVISIONING_PROFILE = "";
				WRAPPER_EXTENSION = app;
			};
			name = Release;
		};
		5E75291E19B8DBBF00E37222 /* Debug */ = {
			isa = XCBuildConfiguration;
			buildSettings = {
				BUNDLE_LOADER = "$(BUILT_PRODUCTS_DIR)/Housemate.app/Housemate";
				FRAMEWORK_SEARCH_PATHS = (
					"$(SDKROOT)/Developer/Library/Frameworks",
					"$(inherited)",
					"$(DEVELOPER_FRAMEWORKS_DIR)",
				);
				GCC_PRECOMPILE_PREFIX_HEADER = YES;
				GCC_PREFIX_HEADER = "Housemate/Housemate-Prefix.pch";
				GCC_PREPROCESSOR_DEFINITIONS = (
					"DEBUG=1",
					"$(inherited)",
				);
				INFOPLIST_FILE = "HousemateTests/HousemateTests-Info.plist";
				PRODUCT_NAME = "$(TARGET_NAME)";
				TEST_HOST = "$(BUNDLE_LOADER)";
				WRAPPER_EXTENSION = xctest;
			};
			name = Debug;
		};
		5E75291F19B8DBBF00E37222 /* Release */ = {
			isa = XCBuildConfiguration;
			buildSettings = {
				BUNDLE_LOADER = "$(BUILT_PRODUCTS_DIR)/Housemate.app/Housemate";
				FRAMEWORK_SEARCH_PATHS = (
					"$(SDKROOT)/Developer/Library/Frameworks",
					"$(inherited)",
					"$(DEVELOPER_FRAMEWORKS_DIR)",
				);
				GCC_PRECOMPILE_PREFIX_HEADER = YES;
				GCC_PREFIX_HEADER = "Housemate/Housemate-Prefix.pch";
				INFOPLIST_FILE = "HousemateTests/HousemateTests-Info.plist";
				PRODUCT_NAME = "$(TARGET_NAME)";
				TEST_HOST = "$(BUNDLE_LOADER)";
				WRAPPER_EXTENSION = xctest;
			};
			name = Release;
		};
/* End XCBuildConfiguration section */

/* Begin XCConfigurationList section */
		5E7528E319B8DBBF00E37222 /* Build configuration list for PBXProject "Housemate" */ = {
			isa = XCConfigurationList;
			buildConfigurations = (
				5E75291819B8DBBF00E37222 /* Debug */,
				5E75291919B8DBBF00E37222 /* Release */,
			);
			defaultConfigurationIsVisible = 0;
			defaultConfigurationName = Release;
		};
		5E75291A19B8DBBF00E37222 /* Build configuration list for PBXNativeTarget "Housemate" */ = {
			isa = XCConfigurationList;
			buildConfigurations = (
				5E75291B19B8DBBF00E37222 /* Debug */,
				5E75291C19B8DBBF00E37222 /* Release */,
			);
			defaultConfigurationIsVisible = 0;
			defaultConfigurationName = Release;
		};
		5E75291D19B8DBBF00E37222 /* Build configuration list for PBXNativeTarget "HousemateTests" */ = {
			isa = XCConfigurationList;
			buildConfigurations = (
				5E75291E19B8DBBF00E37222 /* Debug */,
				5E75291F19B8DBBF00E37222 /* Release */,
			);
			defaultConfigurationIsVisible = 0;
			defaultConfigurationName = Release;
		};
/* End XCConfigurationList section */
	};
	rootObject = 5E7528E019B8DBBF00E37222 /* Project object */;
}
